
Microsoft Visual Studio Solution File, Format Version 12.00
# Visual Studio 2017
Project("{FAE04EC0-301F-11D3-BF4B-00C04F79EFBC}") = "3M", "3M.csproj", "{7DFBBC42-4843-02BE-4E04-BD28DC23A88B}"
EndProject
Project("{FAE04EC0-301F-11D3-BF4B-00C04F79EFBC}") = "3M.Plugins", "3M.Plugins.csproj", "{B5EDFF14-C533-ECCC-9459-43BF42CF3315}"
EndProject
Project("{FAE04EC0-301F-11D3-BF4B-00C04F79EFBC}") = "3M.Editor", "3M.Editor.csproj", "{69A7859C-3619-B64B-3469-614240270431}"
EndProject
Project("{FAE04EC0-301F-11D3-BF4B-00C04F79EFBC}") = "3M.Editor.Plugins", "3M.Editor.Plugins.csproj", "{D385A9BD-56A7-B0BE-DB84-049516FEF700}"
EndProject
Global
	GlobalSection(SolutionConfigurationPlatforms) = preSolution
		Debug|Any CPU = Debug|Any CPU
		Release|Any CPU = Release|Any CPU
	EndGlobalSection
	GlobalSection(ProjectConfigurationPlatforms) = postSolution
		{7DFBBC42-4843-02BE-4E04-BD28DC23A88B}.Debug|Any CPU.ActiveCfg = Debug|Any CPU
		{7DFBBC42-4843-02BE-4E04-BD28DC23A88B}.Debug|Any CPU.Build.0 = Debug|Any CPU
		{7DFBBC42-4843-02BE-4E04-BD28DC23A88B}.Release|Any CPU.ActiveCfg = Release|Any CPU
		{7DFBBC42-4843-02BE-4E04-BD28DC23A88B}.Release|Any CPU.Build.0 = Release|Any CPU
		{B5EDFF14-C533-ECCC-9459-43BF42CF3315}.Debug|Any CPU.ActiveCfg = Debug|Any CPU
		{B5EDFF14-C533-ECCC-9459-43BF42CF3315}.Debug|Any CPU.Build.0 = Debug|Any CPU
		{B5EDFF14-C533-ECCC-9459-43BF42CF3315}.Release|Any CPU.ActiveCfg = Release|Any CPU
		{B5EDFF14-C533-ECCC-9459-43BF42CF3315}.Release|Any CPU.Build.0 = Release|Any CPU
		{69A7859C-3619-B64B-3469-614240270431}.Debug|Any CPU.ActiveCfg = Debug|Any CPU
		{69A7859C-3619-B64B-3469-614240270431}.Debug|Any CPU.Build.0 = Debug|Any CPU
		{69A7859C-3619-B64B-3469-614240270431}.Release|Any CPU.ActiveCfg = Release|Any CPU
		{69A7859C-3619-B64B-3469-614240270431}.Release|Any CPU.Build.0 = Release|Any CPU
		{D385A9BD-56A7-B0BE-DB84-049516FEF700}.Debug|Any CPU.ActiveCfg = Debug|Any CPU
		{D385A9BD-56A7-B0BE-DB84-049516FEF700}.Debug|Any CPU.Build.0 = Debug|Any CPU
		{D385A9BD-56A7-B0BE-DB84-049516FEF700}.Release|Any CPU.ActiveCfg = Release|Any CPU
		{D385A9BD-56A7-B0BE-DB84-049516FEF700}.Release|Any CPU.Build.0 = Release|Any CPU
	EndGlobalSection
	GlobalSection(SolutionProperties) = preSolution
		HideSolutionNode = FALSE
	EndGlobalSection
EndGlobal
